<?xml version="1.0" encoding="utf-8"?>
<Project ToolsVersion="4.0" xmlns="http://schemas.microsoft.com/developer/msbuild/2003">
  <ItemGroup>
    <Filter Include="Source Files">
      <UniqueIdentifier>{4FC737F1-C7A5-4376-A066-2A32D752A2FF}</UniqueIdentifier>
      <Extensions>cpp;c;cc;cxx;def;odl;idl;hpj;bat;asm;asmx</Extensions>
    </Filter>
    <Filter Include="Header Files">
      <UniqueIdentifier>{93995380-89BD-4b04-88EB-625FBE52EBFB}</UniqueIdentifier>
      <Extensions>h;hh;hpp;hxx;hm;inl;inc;xsd</Extensions>
    </Filter>
    <Filter Include="Resource Files">
      <UniqueIdentifier>{67DA6AB6-F800-4c08-8B7A-83BB121AAD01}</UniqueIdentifier>
      <Extensions>rc;ico;cur;bmp;dlg;rc2;rct;bin;rgs;gif;jpg;jpeg;jpe;resx;tiff;tif;png;wav;mfcribbon-ms</Extensions>
    </Filter>
  </ItemGroup>
  <ItemGroup>
    <Text Include="ReadMe.txt" />
  </ItemGroup>
  <ItemGroup>
    <ClCompile Include="..\node_tree.c">
      <Filter>Source Files</Filter>
    </ClCompile>
    <ClCompile Include="..\..\..\Program Files\Python36\Lib\ceepy\src\asserts.c">
      <Filter>Source Files</Filter>
    </ClCompile>
    <ClCompile Include="gen\test.c">
      <Filter>Source Files</Filter>
    </ClCompile>
    <ClCompile Include="gen\test_node_tree.c">
      <Filter>Source Files</Filter>
    </ClCompile>
    <ClCompile Include="gen\test_cbuffer.c">
      <Filter>Source Files</Filter>
    </ClCompile>
    <ClCompile Include="..\cbuff.c">
      <Filter>Source Files</Filter>
    </ClCompile>
    <ClCompile Include="..\tinycthread\source\tinycthread.c">
      <Filter>Source Files</Filter>
    </ClCompile>
    <ClCompile Include="..\game_logic.c">
      <Filter>Source Files</Filter>
    </ClCompile>
    <ClCompile Include="..\clock.c">
      <Filter>Source Files</Filter>
    </ClCompile>
    <ClCompile Include="..\dgram_sink.c">
      <Filter>Source Files</Filter>
    </ClCompile>
    <ClCompile Include="..\part.c">
      <Filter>Source Files</Filter>
    </ClCompile>
    <ClCompile Include="..\states.c">
      <Filter>Source Files</Filter>
    </ClCompile>
    <ClCompile Include="..\udp.c">
      <Filter>Source Files</Filter>
    </ClCompile>
    <ClCompile Include="..\udp_ext_server.c">
      <Filter>Source Files</Filter>
    </ClCompile>
    <ClCompile Include="gen\test_game_logic.c">
      <Filter>Source Files</Filter>
    </ClCompile>
  </ItemGroup>
  <ItemGroup>
    <None Include="test_cbuffer.ct" />
    <None Include="test_node_tree.ct" />
    <None Include="test_game_logic.ct" />
  </ItemGroup>
</Project>