
Microsoft Visual Studio Solution File, Format Version 12.00
# Visual Studio 15
VisualStudioVersion = 15.0.26430.12
MinimumVisualStudioVersion = 10.0.40219.1
Project("{8BC9CEB8-8B4A-11D0-8D11-00A0C91BC942}") = "dstream", "dstream.vcxproj", "{98F8198D-FBC8-4D96-84A9-CF8726CD7195}"
EndProject
Project("{8BC9CEB8-8B4A-11D0-8D11-00A0C91BC942}") = "test", "test\test.vcxproj", "{6E29E89D-3F57-4B79-B499-8B6E24548224}"
EndProject
Global
	GlobalSection(SolutionConfigurationPlatforms) = preSolution
		Debug|x64 = Debug|x64
		Debug|x86 = Debug|x86
		Release|x64 = Release|x64
		Release|x86 = Release|x86
		Test|x64 = Test|x64
		Test|x86 = Test|x86
	EndGlobalSection
	GlobalSection(ProjectConfigurationPlatforms) = postSolution
		{98F8198D-FBC8-4D96-84A9-CF8726CD7195}.Debug|x64.ActiveCfg = Test|x64
		{98F8198D-FBC8-4D96-84A9-CF8726CD7195}.Debug|x64.Build.0 = Test|x64
		{98F8198D-FBC8-4D96-84A9-CF8726CD7195}.Debug|x86.ActiveCfg = Debug|Win32
		{98F8198D-FBC8-4D96-84A9-CF8726CD7195}.Debug|x86.Build.0 = Debug|Win32
		{98F8198D-FBC8-4D96-84A9-CF8726CD7195}.Release|x64.ActiveCfg = Test|x64
		{98F8198D-FBC8-4D96-84A9-CF8726CD7195}.Release|x86.ActiveCfg = Release|Win32
		{98F8198D-FBC8-4D96-84A9-CF8726CD7195}.Release|x86.Build.0 = Release|Win32
		{98F8198D-FBC8-4D96-84A9-CF8726CD7195}.Test|x64.ActiveCfg = Test|x64
		{98F8198D-FBC8-4D96-84A9-CF8726CD7195}.Test|x86.ActiveCfg = Test|Win32
		{98F8198D-FBC8-4D96-84A9-CF8726CD7195}.Test|x86.Build.0 = Test|Win32
		{6E29E89D-3F57-4B79-B499-8B6E24548224}.Debug|x64.ActiveCfg = Test|x64
		{6E29E89D-3F57-4B79-B499-8B6E24548224}.Debug|x86.ActiveCfg = Debug|Win32
		{6E29E89D-3F57-4B79-B499-8B6E24548224}.Debug|x86.Build.0 = Debug|Win32
		{6E29E89D-3F57-4B79-B499-8B6E24548224}.Release|x64.ActiveCfg = Test|x64
		{6E29E89D-3F57-4B79-B499-8B6E24548224}.Release|x64.Build.0 = Test|x64
		{6E29E89D-3F57-4B79-B499-8B6E24548224}.Release|x86.ActiveCfg = Release|Win32
		{6E29E89D-3F57-4B79-B499-8B6E24548224}.Release|x86.Build.0 = Release|Win32
		{6E29E89D-3F57-4B79-B499-8B6E24548224}.Test|x64.ActiveCfg = Test|x64
		{6E29E89D-3F57-4B79-B499-8B6E24548224}.Test|x64.Build.0 = Test|x64
		{6E29E89D-3F57-4B79-B499-8B6E24548224}.Test|x86.ActiveCfg = Test|Win32
		{6E29E89D-3F57-4B79-B499-8B6E24548224}.Test|x86.Build.0 = Test|Win32
	EndGlobalSection
	GlobalSection(SolutionProperties) = preSolution
		HideSolutionNode = FALSE
	EndGlobalSection
EndGlobal
